// !$*UTF8*$!
{
	archiveVersion = 1;
	classes = {
	};
	objectVersion = 50;
	objects = {

/* Begin PBXBuildFile section */
		AF1A9C1725B892CD00A4E612 /* bashApp.swift in Sources */ = {isa = PBXBuildFile; fileRef = AF1A9C1625B892CD00A4E612 /* bashApp.swift */; };
		AF1A9C1925B892CD00A4E612 /* ContentView.swift in Sources */ = {isa = PBXBuildFile; fileRef = AF1A9C1825B892CD00A4E612 /* ContentView.swift */; };
		AF1A9C1B25B892CF00A4E612 /* Assets.xcassets in Resources */ = {isa = PBXBuildFile; fileRef = AF1A9C1A25B892CF00A4E612 /* Assets.xcassets */; };
		AF1A9C1E25B892CF00A4E612 /* Preview Assets.xcassets in Resources */ = {isa = PBXBuildFile; fileRef = AF1A9C1D25B892CF00A4E612 /* Preview Assets.xcassets */; };
		AF1A9C2925B892CF00A4E612 /* bashTests.swift in Sources */ = {isa = PBXBuildFile; fileRef = AF1A9C2825B892CF00A4E612 /* bashTests.swift */; };
		AF1A9C3425B892CF00A4E612 /* bashUITests.swift in Sources */ = {isa = PBXBuildFile; fileRef = AF1A9C3325B892CF00A4E612 /* bashUITests.swift */; };
/* End PBXBuildFile section */

/* Begin PBXContainerItemProxy section */
		AF1A9C2525B892CF00A4E612 /* PBXContainerItemProxy */ = {
			isa = PBXContainerItemProxy;
			containerPortal = AF1A9C0B25B892CD00A4E612 /* Project object */;
			proxyType = 1;
			remoteGlobalIDString = AF1A9C1225B892CD00A4E612;
			remoteInfo = bash;
		};
		AF1A9C3025B892CF00A4E612 /* PBXContainerItemProxy */ = {
			isa = PBXContainerItemProxy;
			containerPortal = AF1A9C0B25B892CD00A4E612 /* Project object */;
			proxyType = 1;
			remoteGlobalIDString = AF1A9C1225B892CD00A4E612;
			remoteInfo = bash;
		};
/* End PBXContainerItemProxy section */

/* Begin PBXFileReference section */
		AF1A9C1325B892CD00A4E612 /* bash.app */ = {isa = PBXFileReference; explicitFileType = wrapper.application; includeInIndex = 0; path = bash.app; sourceTree = BUILT_PRODUCTS_DIR; };
		AF1A9C1625B892CD00A4E612 /* bashApp.swift */ = {isa = PBXFileReference; lastKnownFileType = sourcecode.swift; path = bashApp.swift; sourceTree = "<group>"; };
		AF1A9C1825B892CD00A4E612 /* ContentView.swift */ = {isa = PBXFileReference; lastKnownFileType = sourcecode.swift; path = ContentView.swift; sourceTree = "<group>"; };
		AF1A9C1A25B892CF00A4E612 /* Assets.xcassets */ = {isa = PBXFileReference; lastKnownFileType = folder.assetcatalog; path = Assets.xcassets; sourceTree = "<group>"; };
		AF1A9C1D25B892CF00A4E612 /* Preview Assets.xcassets */ = {isa = PBXFileReference; lastKnownFileType = folder.assetcatalog; path = "Preview Assets.xcassets"; sourceTree = "<group>"; };
		AF1A9C1F25B892CF00A4E612 /* Info.plist */ = {isa = PBXFileReference; lastKnownFileType = text.plist.xml; path = Info.plist; sourceTree = "<group>"; };
		AF1A9C2425B892CF00A4E612 /* bashTests.xctest */ = {isa = PBXFileReference; explicitFileType = wrapper.cfbundle; includeInIndex = 0; path = bashTests.xctest; sourceTree = BUILT_PRODUCTS_DIR; };
		AF1A9C2825B892CF00A4E612 /* bashTests.swift */ = {isa = PBXFileReference; lastKnownFileType = sourcecode.swift; path = bashTests.swift; sourceTree = "<group>"; };
		AF1A9C2A25B892CF00A4E612 /* Info.plist */ = {isa = PBXFileReference; lastKnownFileType = text.plist.xml; path = Info.plist; sourceTree = "<group>"; };
		AF1A9C2F25B892CF00A4E612 /* bashUITests.xctest */ = {isa = PBXFileReference; explicitFileType = wrapper.cfbundle; includeInIndex = 0; path = bashUITests.xctest; sourceTree = BUILT_PRODUCTS_DIR; };
		AF1A9C3325B892CF00A4E612 /* bashUITests.swift */ = {isa = PBXFileReference; lastKnownFileType = sourcecode.swift; path = bashUITests.swift; sourceTree = "<group>"; };
		AF1A9C3525B892CF00A4E612 /* Info.plist */ = {isa = PBXFileReference; lastKnownFileType = text.plist.xml; path = Info.plist; sourceTree = "<group>"; };
/* End PBXFileReference section */

/* Begin PBXFrameworksBuildPhase section */
		AF1A9C1025B892CD00A4E612 /* Frameworks */ = {
			isa = PBXFrameworksBuildPhase;
			buildActionMask = 2147483647;
			files = (
			);
			runOnlyForDeploymentPostprocessing = 0;
		};
		AF1A9C2125B892CF00A4E612 /* Frameworks */ = {
			isa = PBXFrameworksBuildPhase;
			buildActionMask = 2147483647;
			files = (
			);
			runOnlyForDeploymentPostprocessing = 0;
		};
		AF1A9C2C25B892CF00A4E612 /* Frameworks */ = {
			isa = PBXFrameworksBuildPhase;
			buildActionMask = 2147483647;
			files = (
			);
			runOnlyForDeploymentPostprocessing = 0;
		};
/* End PBXFrameworksBuildPhase section */

/* Begin PBXGroup section */
		AF1A9C0A25B892CD00A4E612 = {
			isa = PBXGroup;
			children = (
				AF1A9C1525B892CD00A4E612 /* bash */,
				AF1A9C2725B892CF00A4E612 /* bashTests */,
				AF1A9C3225B892CF00A4E612 /* bashUITests */,
				AF1A9C1425B892CD00A4E612 /* Products */,
			);
			sourceTree = "<group>";
		};
		AF1A9C1425B892CD00A4E612 /* Products */ = {
			isa = PBXGroup;
			children = (
				AF1A9C1325B892CD00A4E612 /* bash.app */,
				AF1A9C2425B892CF00A4E612 /* bashTests.xctest */,
				AF1A9C2F25B892CF00A4E612 /* bashUITests.xctest */,
			);
			name = Products;
			sourceTree = "<group>";
		};
		AF1A9C1525B892CD00A4E612 /* bash */ = {
			isa = PBXGroup;
			children = (
				AF1A9C1625B892CD00A4E612 /* bashApp.swift */,
				AF1A9C1825B892CD00A4E612 /* ContentView.swift */,
				AF1A9C1A25B892CF00A4E612 /* Assets.xcassets */,
				AF1A9C1F25B892CF00A4E612 /* Info.plist */,
				AF1A9C1C25B892CF00A4E612 /* Preview Content */,
			);
			path = bash;
			sourceTree = "<group>";
		};
		AF1A9C1C25B892CF00A4E612 /* Preview Content */ = {
			isa = PBXGroup;
			children = (
				AF1A9C1D25B892CF00A4E612 /* Preview Assets.xcassets */,
			);
			path = "Preview Content";
			sourceTree = "<group>";
		};
		AF1A9C2725B892CF00A4E612 /* bashTests */ = {
			isa = PBXGroup;
			children = (
				AF1A9C2825B892CF00A4E612 /* bashTests.swift */,
				AF1A9C2A25B892CF00A4E612 /* Info.plist */,
			);
			path = bashTests;
			sourceTree = "<group>";
		};
		AF1A9C3225B892CF00A4E612 /* bashUITests */ = {
			isa = PBXGroup;
			children = (
				AF1A9C3325B892CF00A4E612 /* bashUITests.swift */,
				AF1A9C3525B892CF00A4E612 /* Info.plist */,
			);
			path = bashUITests;
			sourceTree = "<group>";
		};
/* End PBXGroup section */

/* Begin PBXNativeTarget section */
		AF1A9C1225B892CD00A4E612 /* bash */ = {
			isa = PBXNativeTarget;
			buildConfigurationList = AF1A9C3825B892CF00A4E612 /* Build configuration list for PBXNativeTarget "bash" */;
			buildPhases = (
				AF1A9C0F25B892CD00A4E612 /* Sources */,
				AF1A9C1025B892CD00A4E612 /* Frameworks */,
				AF1A9C1125B892CD00A4E612 /* Resources */,
			);
			buildRules = (
			);
			dependencies = (
			);
			name = bash;
			productName = bash;
			productReference = AF1A9C1325B892CD00A4E612 /* bash.app */;
			productType = "com.apple.product-type.application";
		};
		AF1A9C2325B892CF00A4E612 /* bashTests */ = {
			isa = PBXNativeTarget;
			buildConfigurationList = AF1A9C3B25B892CF00A4E612 /* Build configuration list for PBXNativeTarget "bashTests" */;
			buildPhases = (
				AF1A9C2025B892CF00A4E612 /* Sources */,
				AF1A9C2125B892CF00A4E612 /* Frameworks */,
				AF1A9C2225B892CF00A4E612 /* Resources */,
			);
			buildRules = (
			);
			dependencies = (
				AF1A9C2625B892CF00A4E612 /* PBXTargetDependency */,
			);
			name = bashTests;
			productName = bashTests;
			productReference = AF1A9C2425B892CF00A4E612 /* bashTests.xctest */;
			productType = "com.apple.product-type.bundle.unit-test";
		};
		AF1A9C2E25B892CF00A4E612 /* bashUITests */ = {
			isa = PBXNativeTarget;
			buildConfigurationList = AF1A9C3E25B892CF00A4E612 /* Build configuration list for PBXNativeTarget "bashUITests" */;
			buildPhases = (
				AF1A9C2B25B892CF00A4E612 /* Sources */,
				AF1A9C2C25B892CF00A4E612 /* Frameworks */,
				AF1A9C2D25B892CF00A4E612 /* Resources */,
			);
			buildRules = (
			);
			dependencies = (
				AF1A9C3125B892CF00A4E612 /* PBXTargetDependency */,
			);
			name = bashUITests;
			productName = bashUITests;
			productReference = AF1A9C2F25B892CF00A4E612 /* bashUITests.xctest */;
			productType = "com.apple.product-type.bundle.ui-testing";
		};
/* End PBXNativeTarget section */

/* Begin PBXProject section */
		AF1A9C0B25B892CD00A4E612 /* Project object */ = {
			isa = PBXProject;
			attributes = {
				LastSwiftUpdateCheck = 1230;
				LastUpgradeCheck = 1230;
				TargetAttributes = {
					AF1A9C1225B892CD00A4E612 = {
						CreatedOnToolsVersion = 12.3;
					};
					AF1A9C2325B892CF00A4E612 = {
						CreatedOnToolsVersion = 12.3;
						TestTargetID = AF1A9C1225B892CD00A4E612;
					};
					AF1A9C2E25B892CF00A4E612 = {
						CreatedOnToolsVersion = 12.3;
						TestTargetID = AF1A9C1225B892CD00A4E612;
					};
				};
			};
			buildConfigurationList = AF1A9C0E25B892CD00A4E612 /* Build configuration list for PBXProject "bash" */;
			compatibilityVersion = "Xcode 9.3";
			developmentRegion = en;
			hasScannedForEncodings = 0;
			knownRegions = (
				en,
				Base,
			);
			mainGroup = AF1A9C0A25B892CD00A4E612;
			productRefGroup = AF1A9C1425B892CD00A4E612 /* Products */;
			projectDirPath = "";
			projectRoot = "";
			targets = (
				AF1A9C1225B892CD00A4E612 /* bash */,
				AF1A9C2325B892CF00A4E612 /* bashTests */,
				AF1A9C2E25B892CF00A4E612 /* bashUITests */,
			);
		};
/* End PBXProject section */

/* Begin PBXResourcesBuildPhase section */
		AF1A9C1125B892CD00A4E612 /* Resources */ = {
			isa = PBXResourcesBuildPhase;
			buildActionMask = 2147483647;
			files = (
				AF1A9C1E25B892CF00A4E612 /* Preview Assets.xcassets in Resources */,
				AF1A9C1B25B892CF00A4E612 /* Assets.xcassets in Resources */,
			);
			runOnlyForDeploymentPostprocessing = 0;
		};
		AF1A9C2225B892CF00A4E612 /* Resources */ = {
			isa = PBXResourcesBuildPhase;
			buildActionMask = 2147483647;
			files = (
			);
			runOnlyForDeploymentPostprocessing = 0;
		};
		AF1A9C2D25B892CF00A4E612 /* Resources */ = {
			isa = PBXResourcesBuildPhase;
			buildActionMask = 2147483647;
			files = (
			);
			runOnlyForDeploymentPostprocessing = 0;
		};
/* End PBXResourcesBuildPhase section */

/* Begin PBXSourcesBuildPhase section */
		AF1A9C0F25B892CD00A4E612 /* Sources */ = {
			isa = PBXSourcesBuildPhase;
			buildActionMask = 2147483647;
			files = (
				AF1A9C1925B892CD00A4E612 /* ContentView.swift in Sources */,
				AF1A9C1725B892CD00A4E612 /* bashApp.swift in Sources */,
			);
			runOnlyForDeploymentPostprocessing = 0;
		};
		AF1A9C2025B892CF00A4E612 /* Sources */ = {
			isa = PBXSourcesBuildPhase;
			buildActionMask = 2147483647;
			files = (
				AF1A9C2925B892CF00A4E612 /* bashTests.swift in Sources */,
			);
			runOnlyForDeploymentPostprocessing = 0;
		};
		AF1A9C2B25B892CF00A4E612 /* Sources */ = {
			isa = PBXSourcesBuildPhase;
			buildActionMask = 2147483647;
			files = (
				AF1A9C3425B892CF00A4E612 /* bashUITests.swift in Sources */,
			);
			runOnlyForDeploymentPostprocessing = 0;
		};
/* End PBXSourcesBuildPhase section */

/* Begin PBXTargetDependency section */
		AF1A9C2625B892CF00A4E612 /* PBXTargetDependency */ = {
			isa = PBXTargetDependency;
			target = AF1A9C1225B892CD00A4E612 /* bash */;
			targetProxy = AF1A9C2525B892CF00A4E612 /* PBXContainerItemProxy */;
		};
		AF1A9C3125B892CF00A4E612 /* PBXTargetDependency */ = {
			isa = PBXTargetDependency;
			target = AF1A9C1225B892CD00A4E612 /* bash */;
			targetProxy = AF1A9C3025B892CF00A4E612 /* PBXContainerItemProxy */;
		};
/* End PBXTargetDependency section */

/* Begin XCBuildConfiguration section */
		AF1A9C3625B892CF00A4E612 /* Debug */ = {
			isa = XCBuildConfiguration;
			buildSettings = {
				ALWAYS_SEARCH_USER_PATHS = NO;
				CLANG_ANALYZER_NONNULL = YES;
				CLANG_ANALYZER_NUMBER_OBJECT_CONVERSION = YES_AGGRESSIVE;
				CLANG_CXX_LANGUAGE_STANDARD = "gnu++14";
				CLANG_CXX_LIBRARY = "libc++";
				CLANG_ENABLE_MODULES = YES;
				CLANG_ENABLE_OBJC_ARC = YES;
				CLANG_ENABLE_OBJC_WEAK = YES;
				CLANG_WARN_BLOCK_CAPTURE_AUTORELEASING = YES;
				CLANG_WARN_BOOL_CONVERSION = YES;
				CLANG_WARN_COMMA = YES;
				CLANG_WARN_CONSTANT_CONVERSION = YES;
				CLANG_WARN_DEPRECATED_OBJC_IMPLEMENTATIONS = YES;
				CLANG_WARN_DIRECT_OBJC_ISA_USAGE = YES_ERROR;
				CLANG_WARN_DOCUMENTATION_COMMENTS = YES;
				CLANG_WARN_EMPTY_BODY = YES;
				CLANG_WARN_ENUM_CONVERSION = YES;
				CLANG_WARN_INFINITE_RECURSION = YES;
				CLANG_WARN_INT_CONVERSION = YES;
				CLANG_WARN_NON_LITERAL_NULL_CONVERSION = YES;
				CLANG_WARN_OBJC_IMPLICIT_RETAIN_SELF = YES;
				CLANG_WARN_OBJC_LITERAL_CONVERSION = YES;
				CLANG_WARN_OBJC_ROOT_CLASS = YES_ERROR;
				CLANG_WARN_QUOTED_INCLUDE_IN_FRAMEWORK_HEADER = YES;
				CLANG_WARN_RANGE_LOOP_ANALYSIS = YES;
				CLANG_WARN_STRICT_PROTOTYPES = YES;
				CLANG_WARN_SUSPICIOUS_MOVE = YES;
				CLANG_WARN_UNGUARDED_AVAILABILITY = YES_AGGRESSIVE;
				CLANG_WARN_UNREACHABLE_CODE = YES;
				CLANG_WARN__DUPLICATE_METHOD_MATCH = YES;
				COPY_PHASE_STRIP = NO;
				DEBUG_INFORMATION_FORMAT = dwarf;
				ENABLE_STRICT_OBJC_MSGSEND = YES;
				ENABLE_TESTABILITY = YES;
				GCC_C_LANGUAGE_STANDARD = gnu11;
				GCC_DYNAMIC_NO_PIC = NO;
				GCC_NO_COMMON_BLOCKS = YES;
				GCC_OPTIMIZATION_LEVEL = 0;
				GCC_PREPROCESSOR_DEFINITIONS = (
					"DEBUG=1",
					"$(inherited)",
				);
				GCC_WARN_64_TO_32_BIT_CONVERSION = YES;
				GCC_WARN_ABOUT_RETURN_TYPE = YES_ERROR;
				GCC_WARN_UNDECLARED_SELECTOR = YES;
				GCC_WARN_UNINITIALIZED_AUTOS = YES_AGGRESSIVE;
				GCC_WARN_UNUSED_FUNCTION = YES;
				GCC_WARN_UNUSED_VARIABLE = YES;
				IPHONEOS_DEPLOYMENT_TARGET = 14.3;
				MTL_ENABLE_DEBUG_INFO = INCLUDE_SOURCE;
				MTL_FAST_MATH = YES;
				ONLY_ACTIVE_ARCH = YES;
				SDKROOT = iphoneos;
				SWIFT_ACTIVE_COMPILATION_CONDITIONS = DEBUG;
				SWIFT_OPTIMIZATION_LEVEL = "-Onone";
			};
			name = Debug;
		};
		AF1A9C3725B892CF00A4E612 /* Release */ = {
			isa = XCBuildConfiguration;
			buildSettings = {
				ALWAYS_SEARCH_USER_PATHS = NO;
				CLANG_ANALYZER_NONNULL = YES;
				CLANG_ANALYZER_NUMBER_OBJECT_CONVERSION = YES_AGGRESSIVE;
				CLANG_CXX_LANGUAGE_STANDARD = "gnu++14";
				CLANG_CXX_LIBRARY = "libc++";
				CLANG_ENABLE_MODULES = YES;
				CLANG_ENABLE_OBJC_ARC = YES;
				CLANG_ENABLE_OBJC_WEAK = YES;
				CLANG_WARN_BLOCK_CAPTURE_AUTORELEASING = YES;
				CLANG_WARN_BOOL_CONVERSION = YES;
				CLANG_WARN_COMMA = YES;
				CLANG_WARN_CONSTANT_CONVERSION = YES;
				CLANG_WARN_DEPRECATED_OBJC_IMPLEMENTATIONS = YES;
				CLANG_WARN_DIRECT_OBJC_ISA_USAGE = YES_ERROR;
				CLANG_WARN_DOCUMENTATION_COMMENTS = YES;
				CLANG_WARN_EMPTY_BODY = YES;
				CLANG_WARN_ENUM_CONVERSION = YES;
				CLANG_WARN_INFINITE_RECURSION = YES;
				CLANG_WARN_INT_CONVERSION = YES;
				CLANG_WARN_NON_LITERAL_NULL_CONVERSION = YES;
				CLANG_WARN_OBJC_IMPLICIT_RETAIN_SELF = YES;
				CLANG_WARN_OBJC_LITERAL_CONVERSION = YES;
				CLANG_WARN_OBJC_ROOT_CLASS = YES_ERROR;
				CLANG_WARN_QUOTED_INCLUDE_IN_FRAMEWORK_HEADER = YES;
				CLANG_WARN_RANGE_LOOP_ANALYSIS = YES;
				CLANG_WARN_STRICT_PROTOTYPES = YES;
				CLANG_WARN_SUSPICIOUS_MOVE = YES;
				CLANG_WARN_UNGUARDED_AVAILABILITY = YES_AGGRESSIVE;
				CLANG_WARN_UNREACHABLE_CODE = YES;
				CLANG_WARN__DUPLICATE_METHOD_MATCH = YES;
				COPY_PHASE_STRIP = NO;
				DEBUG_INFORMATION_FORMAT = "dwarf-with-dsym";
				ENABLE_NS_ASSERTIONS = NO;
				ENABLE_STRICT_OBJC_MSGSEND = YES;
				GCC_C_LANGUAGE_STANDARD = gnu11;
				GCC_NO_COMMON_BLOCKS = YES;
				GCC_WARN_64_TO_32_BIT_CONVERSION = YES;
				GCC_WARN_ABOUT_RETURN_TYPE = YES_ERROR;
				GCC_WARN_UNDECLARED_SELECTOR = YES;
				GCC_WARN_UNINITIALIZED_AUTOS = YES_AGGRESSIVE;
				GCC_WARN_UNUSED_FUNCTION = YES;
				GCC_WARN_UNUSED_VARIABLE = YES;
				IPHONEOS_DEPLOYMENT_TARGET = 14.3;
				MTL_ENABLE_DEBUG_INFO = NO;
				MTL_FAST_MATH = YES;
				SDKROOT = iphoneos;
				SWIFT_COMPILATION_MODE = wholemodule;
				SWIFT_OPTIMIZATION_LEVEL = "-O";
				VALIDATE_PRODUCT = YES;
			};
			name = Release;
		};
		AF1A9C3925B892CF00A4E612 /* Debug */ = {
			isa = XCBuildConfiguration;
			buildSettings = {
				ASSETCATALOG_COMPILER_APPICON_NAME = AppIcon;
				ASSETCATALOG_COMPILER_GLOBAL_ACCENT_COLOR_NAME = AccentColor;
				CODE_SIGN_STYLE = Automatic;
				DEVELOPMENT_ASSET_PATHS = "\"bash/Preview Content\"";
				ENABLE_PREVIEWS = YES;
				INFOPLIST_FILE = bash/Info.plist;
				IPHONEOS_DEPLOYMENT_TARGET = 14.0;
				LD_RUNPATH_SEARCH_PATHS = (
					"$(inherited)",
					"@executable_path/Frameworks",
				);
				PRODUCT_BUNDLE_IDENTIFIER = com.pearson.bash;
				PRODUCT_NAME = "$(TARGET_NAME)";
				SWIFT_VERSION = 5.0;
				TARGETED_DEVICE_FAMILY = "1,2";
			};
			name = Debug;
		};
		AF1A9C3A25B892CF00A4E612 /* Release */ = {
			isa = XCBuildConfiguration;
			buildSettings = {
				ASSETCATALOG_COMPILER_APPICON_NAME = AppIcon;
				ASSETCATALOG_COMPILER_GLOBAL_ACCENT_COLOR_NAME = AccentColor;
				CODE_SIGN_STYLE = Automatic;
				DEVELOPMENT_ASSET_PATHS = "\"bash/Preview Content\"";
				ENABLE_PREVIEWS = YES;
				INFOPLIST_FILE = bash/Info.plist;
				IPHONEOS_DEPLOYMENT_TARGET = 14.0;
				LD_RUNPATH_SEARCH_PATHS = (
					"$(inherited)",
					"@executable_path/Frameworks",
				);
				PRODUCT_BUNDLE_IDENTIFIER = com.pearson.bash;
				PRODUCT_NAME = "$(TARGET_NAME)";
				SWIFT_VERSION = 5.0;
				TARGETED_DEVICE_FAMILY = "1,2";
			};
			name = Release;
		};
		AF1A9C3C25B892CF00A4E612 /* Debug */ = {
			isa = XCBuildConfiguration;
			buildSettings = {
				ALWAYS_EMBED_SWIFT_STANDARD_LIBRARIES = YES;
				BUNDLE_LOADER = "$(TEST_HOST)";
				CODE_SIGN_STYLE = Automatic;
				INFOPLIST_FILE = bashTests/Info.plist;
				IPHONEOS_DEPLOYMENT_TARGET = 14.0;
				LD_RUNPATH_SEARCH_PATHS = (
					"$(inherited)",
					"@executable_path/Frameworks",
					"@loader_path/Frameworks",
				);
				PRODUCT_BUNDLE_IDENTIFIER = com.pearson.bashTests;
				PRODUCT_NAME = "$(TARGET_NAME)";
				SWIFT_VERSION = 5.0;
				TARGETED_DEVICE_FAMILY = "1,2";
				TEST_HOST = "$(BUILT_PRODUCTS_DIR)/bash.app/bash";
			};
			name = Debug;
		};
		AF1A9C3D25B892CF00A4E612 /* Release */ = {
			isa = XCBuildConfiguration;
			buildSettings = {
				ALWAYS_EMBED_SWIFT_STANDARD_LIBRARIES = YES;
				BUNDLE_LOADER = "$(TEST_HOST)";
				CODE_SIGN_STYLE = Automatic;
				INFOPLIST_FILE = bashTests/Info.plist;
				IPHONEOS_DEPLOYMENT_TARGET = 14.0;
				LD_RUNPATH_SEARCH_PATHS = (
					"$(inherited)",
					"@executable_path/Frameworks",
					"@loader_path/Frameworks",
				);
				PRODUCT_BUNDLE_IDENTIFIER = com.pearson.bashTests;
				PRODUCT_NAME = "$(TARGET_NAME)";
				SWIFT_VERSION = 5.0;
				TARGETED_DEVICE_FAMILY = "1,2";
				TEST_HOST = "$(BUILT_PRODUCTS_DIR)/bash.app/bash";
			};
			name = Release;
		};
		AF1A9C3F25B892CF00A4E612 /* Debug */ = {
			isa = XCBuildConfiguration;
			buildSettings = {
				ALWAYS_EMBED_SWIFT_STANDARD_LIBRARIES = YES;
				CODE_SIGN_STYLE = Automatic;
				INFOPLIST_FILE = bashUITests/Info.plist;
				LD_RUNPATH_SEARCH_PATHS = (
					"$(inherited)",
					"@executable_path/Frameworks",
					"@loader_path/Frameworks",
				);
				PRODUCT_BUNDLE_IDENTIFIER = com.pearson.bashUITests;
				PRODUCT_NAME = "$(TARGET_NAME)";
				SWIFT_VERSION = 5.0;
				TARGETED_DEVICE_FAMILY = "1,2";
				TEST_TARGET_NAME = bash;
			};
			name = Debug;
		};
		AF1A9C4025B892CF00A4E612 /* Release */ = {
			isa = XCBuildConfiguration;
			buildSettings = {
				ALWAYS_EMBED_SWIFT_STANDARD_LIBRARIES = YES;
				CODE_SIGN_STYLE = Automatic;
				INFOPLIST_FILE = bashUITests/Info.plist;
				LD_RUNPATH_SEARCH_PATHS = (
					"$(inherited)",
					"@executable_path/Frameworks",
					"@loader_path/Frameworks",
				);
				PRODUCT_BUNDLE_IDENTIFIER = com.pearson.bashUITests;
				PRODUCT_NAME = "$(TARGET_NAME)";
				SWIFT_VERSION = 5.0;
				TARGETED_DEVICE_FAMILY = "1,2";
				TEST_TARGET_NAME = bash;
			};
			name = Release;
		};
/* End XCBuildConfiguration section */

/* Begin XCConfigurationList section */
		AF1A9C0E25B892CD00A4E612 /* Build configuration list for PBXProject "bash" */ = {
			isa = XCConfigurationList;
			buildConfigurations = (
				AF1A9C3625B892CF00A4E612 /* Debug */,
				AF1A9C3725B892CF00A4E612 /* Release */,
			);
			defaultConfigurationIsVisible = 0;
			defaultConfigurationName = Release;
		};
		AF1A9C3825B892CF00A4E612 /* Build configuration list for PBXNativeTarget "bash" */ = {
			isa = XCConfigurationList;
			buildConfigurations = (
				AF1A9C3925B892CF00A4E612 /* Debug */,
				AF1A9C3A25B892CF00A4E612 /* Release */,
			);
			defaultConfigurationIsVisible = 0;
			defaultConfigurationName = Release;
		};
		AF1A9C3B25B892CF00A4E612 /* Build configuration list for PBXNativeTarget "bashTests" */ = {
			isa = XCConfigurationList;
			buildConfigurations = (
				AF1A9C3C25B892CF00A4E612 /* Debug */,
				AF1A9C3D25B892CF00A4E612 /* Release */,
			);
			defaultConfigurationIsVisible = 0;
			defaultConfigurationName = Release;
		};
		AF1A9C3E25B892CF00A4E612 /* Build configuration list for PBXNativeTarget "bashUITests" */ = {
			isa = XCConfigurationList;
			buildConfigurations = (
				AF1A9C3F25B892CF00A4E612 /* Debug */,
				AF1A9C4025B892CF00A4E612 /* Release */,
			);
			defaultConfigurationIsVisible = 0;
			defaultConfigurationName = Release;
		};
/* End XCConfigurationList section */
	};
	rootObject = AF1A9C0B25B892CD00A4E612 /* Project object */;
}
